// !$*UTF8*$!
{
	archiveVersion = 1;
	classes = {
	};
	objectVersion = 55;
	objects = {

/* Begin PBXBuildFile section */
		3943039527BC0CE0005CE16F /* Post.swift in Sources */ = {isa = PBXBuildFile; fileRef = 3943039427BC0CE0005CE16F /* Post.swift */; };
		3943039927BC0EE0005CE16F /* PostTableViewCell.swift in Sources */ = {isa = PBXBuildFile; fileRef = 3943039727BC0EE0005CE16F /* PostTableViewCell.swift */; };
		3943039A27BC0EE0005CE16F /* PostTableViewCell.xib in Resources */ = {isa = PBXBuildFile; fileRef = 3943039827BC0EE0005CE16F /* PostTableViewCell.xib */; };
		39441FAF27B50DFD00D9EE8B /* AppDelegate.swift in Sources */ = {isa = PBXBuildFile; fileRef = 39441FAE27B50DFD00D9EE8B /* AppDelegate.swift */; };
		39441FB127B50DFD00D9EE8B /* SceneDelegate.swift in Sources */ = {isa = PBXBuildFile; fileRef = 39441FB027B50DFD00D9EE8B /* SceneDelegate.swift */; };
		39441FB327B50DFD00D9EE8B /* ViewController.swift in Sources */ = {isa = PBXBuildFile; fileRef = 39441FB227B50DFD00D9EE8B /* ViewController.swift */; };
		39441FB627B50DFD00D9EE8B /* Main.storyboard in Resources */ = {isa = PBXBuildFile; fileRef = 39441FB427B50DFD00D9EE8B /* Main.storyboard */; };
		39441FB927B50DFD00D9EE8B /* Insta_Pdp.xcdatamodeld in Sources */ = {isa = PBXBuildFile; fileRef = 39441FB727B50DFD00D9EE8B /* Insta_Pdp.xcdatamodeld */; };
		39441FBB27B50DFE00D9EE8B /* Assets.xcassets in Resources */ = {isa = PBXBuildFile; fileRef = 39441FBA27B50DFE00D9EE8B /* Assets.xcassets */; };
		39441FBE27B50DFE00D9EE8B /* LaunchScreen.storyboard in Resources */ = {isa = PBXBuildFile; fileRef = 39441FBC27B50DFE00D9EE8B /* LaunchScreen.storyboard */; };
		39441FC827B50E2000D9EE8B /* HomeViewController.swift in Sources */ = {isa = PBXBuildFile; fileRef = 39441FC627B50E2000D9EE8B /* HomeViewController.swift */; };
		39441FC927B50E2000D9EE8B /* HomeViewController.xib in Resources */ = {isa = PBXBuildFile; fileRef = 39441FC727B50E2000D9EE8B /* HomeViewController.xib */; };
		39441FCD27B510AE00D9EE8B /* SignInViewController.swift in Sources */ = {isa = PBXBuildFile; fileRef = 39441FCB27B510AE00D9EE8B /* SignInViewController.swift */; };
		39441FCE27B510AE00D9EE8B /* SignInViewController.xib in Resources */ = {isa = PBXBuildFile; fileRef = 39441FCC27B510AE00D9EE8B /* SignInViewController.xib */; };
		39441FD127B5233400D9EE8B /* SignUpViewController.swift in Sources */ = {isa = PBXBuildFile; fileRef = 39441FCF27B5233400D9EE8B /* SignUpViewController.swift */; };
		39441FD227B5233400D9EE8B /* SignUpViewController.xib in Resources */ = {isa = PBXBuildFile; fileRef = 39441FD027B5233400D9EE8B /* SignUpViewController.xib */; };
		39D6558827B7F665009C2BB5 /* BaseViewController.swift in Sources */ = {isa = PBXBuildFile; fileRef = 39D6558727B7F665009C2BB5 /* BaseViewController.swift */; };
/* End PBXBuildFile section */

/* Begin PBXFileReference section */
		3943039427BC0CE0005CE16F /* Post.swift */ = {isa = PBXFileReference; lastKnownFileType = sourcecode.swift; path = Post.swift; sourceTree = "<group>"; };
		3943039727BC0EE0005CE16F /* PostTableViewCell.swift */ = {isa = PBXFileReference; lastKnownFileType = sourcecode.swift; path = PostTableViewCell.swift; sourceTree = "<group>"; };
		3943039827BC0EE0005CE16F /* PostTableViewCell.xib */ = {isa = PBXFileReference; lastKnownFileType = file.xib; path = PostTableViewCell.xib; sourceTree = "<group>"; };
		39441FAB27B50DFD00D9EE8B /* Insta Pdp.app */ = {isa = PBXFileReference; explicitFileType = wrapper.application; includeInIndex = 0; path = "Insta Pdp.app"; sourceTree = BUILT_PRODUCTS_DIR; };
		39441FAE27B50DFD00D9EE8B /* AppDelegate.swift */ = {isa = PBXFileReference; lastKnownFileType = sourcecode.swift; path = AppDelegate.swift; sourceTree = "<group>"; };
		39441FB027B50DFD00D9EE8B /* SceneDelegate.swift */ = {isa = PBXFileReference; lastKnownFileType = sourcecode.swift; path = SceneDelegate.swift; sourceTree = "<group>"; };
		39441FB227B50DFD00D9EE8B /* ViewController.swift */ = {isa = PBXFileReference; lastKnownFileType = sourcecode.swift; path = ViewController.swift; sourceTree = "<group>"; };
		39441FB527B50DFD00D9EE8B /* Base */ = {isa = PBXFileReference; lastKnownFileType = file.storyboard; name = Base; path = Base.lproj/Main.storyboard; sourceTree = "<group>"; };
		39441FB827B50DFD00D9EE8B /* Insta_Pdp.xcdatamodel */ = {isa = PBXFileReference; lastKnownFileType = wrapper.xcdatamodel; path = Insta_Pdp.xcdatamodel; sourceTree = "<group>"; };
		39441FBA27B50DFE00D9EE8B /* Assets.xcassets */ = {isa = PBXFileReference; lastKnownFileType = folder.assetcatalog; path = Assets.xcassets; sourceTree = "<group>"; };
		39441FBD27B50DFE00D9EE8B /* Base */ = {isa = PBXFileReference; lastKnownFileType = file.storyboard; name = Base; path = Base.lproj/LaunchScreen.storyboard; sourceTree = "<group>"; };
		39441FBF27B50DFE00D9EE8B /* Info.plist */ = {isa = PBXFileReference; lastKnownFileType = text.plist.xml; path = Info.plist; sourceTree = "<group>"; };
		39441FC627B50E2000D9EE8B /* HomeViewController.swift */ = {isa = PBXFileReference; lastKnownFileType = sourcecode.swift; path = HomeViewController.swift; sourceTree = "<group>"; };
		39441FC727B50E2000D9EE8B /* HomeViewController.xib */ = {isa = PBXFileReference; lastKnownFileType = file.xib; path = HomeViewController.xib; sourceTree = "<group>"; };
		39441FCB27B510AE00D9EE8B /* SignInViewController.swift */ = {isa = PBXFileReference; lastKnownFileType = sourcecode.swift; path = SignInViewController.swift; sourceTree = "<group>"; };
		39441FCC27B510AE00D9EE8B /* SignInViewController.xib */ = {isa = PBXFileReference; lastKnownFileType = file.xib; path = SignInViewController.xib; sourceTree = "<group>"; };
		39441FCF27B5233400D9EE8B /* SignUpViewController.swift */ = {isa = PBXFileReference; lastKnownFileType = sourcecode.swift; path = SignUpViewController.swift; sourceTree = "<group>"; };
		39441FD027B5233400D9EE8B /* SignUpViewController.xib */ = {isa = PBXFileReference; lastKnownFileType = file.xib; path = SignUpViewController.xib; sourceTree = "<group>"; };
		39D6558727B7F665009C2BB5 /* BaseViewController.swift */ = {isa = PBXFileReference; lastKnownFileType = sourcecode.swift; path = BaseViewController.swift; sourceTree = "<group>"; };
/* End PBXFileReference section */

/* Begin PBXFrameworksBuildPhase section */
		39441FA827B50DFD00D9EE8B /* Frameworks */ = {
			isa = PBXFrameworksBuildPhase;
			buildActionMask = 2147483647;
			files = (
			);
			runOnlyForDeploymentPostprocessing = 0;
		};
/* End PBXFrameworksBuildPhase section */

/* Begin PBXGroup section */
		3943039327BC0CCB005CE16F /* model */ = {
			isa = PBXGroup;
			children = (
				3943039427BC0CE0005CE16F /* Post.swift */,
			);
			path = model;
			sourceTree = "<group>";
		};
		3943039627BC0EA8005CE16F /* cells */ = {
			isa = PBXGroup;
			children = (
				3943039727BC0EE0005CE16F /* PostTableViewCell.swift */,
				3943039827BC0EE0005CE16F /* PostTableViewCell.xib */,
			);
			path = cells;
			sourceTree = "<group>";
		};
		39441FA227B50DFD00D9EE8B = {
			isa = PBXGroup;
			children = (
				39441FAD27B50DFD00D9EE8B /* Insta Pdp */,
				39441FAC27B50DFD00D9EE8B /* Products */,
			);
			sourceTree = "<group>";
		};
		39441FAC27B50DFD00D9EE8B /* Products */ = {
			isa = PBXGroup;
			children = (
				39441FAB27B50DFD00D9EE8B /* Insta Pdp.app */,
			);
			name = Products;
			sourceTree = "<group>";
		};
		39441FAD27B50DFD00D9EE8B /* Insta Pdp */ = {
			isa = PBXGroup;
			children = (
				3943039627BC0EA8005CE16F /* cells */,
				3943039327BC0CCB005CE16F /* model */,
				39441FC527B50E0D00D9EE8B /* controllers */,
				39441FCA27B50E2900D9EE8B /* apputils */,
				39441FAE27B50DFD00D9EE8B /* AppDelegate.swift */,
				39441FB027B50DFD00D9EE8B /* SceneDelegate.swift */,
				39441FBF27B50DFE00D9EE8B /* Info.plist */,
			);
			path = "Insta Pdp";
			sourceTree = "<group>";
		};
		39441FC527B50E0D00D9EE8B /* controllers */ = {
			isa = PBXGroup;
			children = (
				39D6558727B7F665009C2BB5 /* BaseViewController.swift */,
				39441FC627B50E2000D9EE8B /* HomeViewController.swift */,
				39441FC727B50E2000D9EE8B /* HomeViewController.xib */,
				39441FCB27B510AE00D9EE8B /* SignInViewController.swift */,
				39441FCC27B510AE00D9EE8B /* SignInViewController.xib */,
				39441FCF27B5233400D9EE8B /* SignUpViewController.swift */,
				39441FD027B5233400D9EE8B /* SignUpViewController.xib */,
			);
			path = controllers;
			sourceTree = "<group>";
		};
		39441FCA27B50E2900D9EE8B /* apputils */ = {
			isa = PBXGroup;
			children = (
				39441FB227B50DFD00D9EE8B /* ViewController.swift */,
				39441FB427B50DFD00D9EE8B /* Main.storyboard */,
				39441FBA27B50DFE00D9EE8B /* Assets.xcassets */,
				39441FBC27B50DFE00D9EE8B /* LaunchScreen.storyboard */,
				39441FB727B50DFD00D9EE8B /* Insta_Pdp.xcdatamodeld */,
			);
			path = apputils;
			sourceTree = "<group>";
		};
/* End PBXGroup section */

/* Begin PBXNativeTarget section */
		39441FAA27B50DFD00D9EE8B /* Insta Pdp */ = {
			isa = PBXNativeTarget;
			buildConfigurationList = 39441FC227B50DFE00D9EE8B /* Build configuration list for PBXNativeTarget "Insta Pdp" */;
			buildPhases = (
				39441FA727B50DFD00D9EE8B /* Sources */,
				39441FA827B50DFD00D9EE8B /* Frameworks */,
				39441FA927B50DFD00D9EE8B /* Resources */,
			);
			buildRules = (
			);
			dependencies = (
			);
			name = "Insta Pdp";
			productName = "Insta Pdp";
			productReference = 39441FAB27B50DFD00D9EE8B /* Insta Pdp.app */;
			productType = "com.apple.product-type.application";
		};
/* End PBXNativeTarget section */

/* Begin PBXProject section */
		39441FA327B50DFD00D9EE8B /* Project object */ = {
			isa = PBXProject;
			attributes = {
				BuildIndependentTargetsInParallel = 1;
				LastSwiftUpdateCheck = 1320;
				LastUpgradeCheck = 1320;
				TargetAttributes = {
					39441FAA27B50DFD00D9EE8B = {
						CreatedOnToolsVersion = 13.2.1;
					};
				};
			};
			buildConfigurationList = 39441FA627B50DFD00D9EE8B /* Build configuration list for PBXProject "Insta Pdp" */;
			compatibilityVersion = "Xcode 13.0";
			developmentRegion = en;
			hasScannedForEncodings = 0;
			knownRegions = (
				en,
				Base,
			);
			mainGroup = 39441FA227B50DFD00D9EE8B;
			productRefGroup = 39441FAC27B50DFD00D9EE8B /* Products */;
			projectDirPath = "";
			projectRoot = "";
			targets = (
				39441FAA27B50DFD00D9EE8B /* Insta Pdp */,
			);
		};
/* End PBXProject section */

/* Begin PBXResourcesBuildPhase section */
		39441FA927B50DFD00D9EE8B /* Resources */ = {
			isa = PBXResourcesBuildPhase;
			buildActionMask = 2147483647;
			files = (
				39441FCE27B510AE00D9EE8B /* SignInViewController.xib in Resources */,
				39441FBE27B50DFE00D9EE8B /* LaunchScreen.storyboard in Resources */,
				39441FBB27B50DFE00D9EE8B /* Assets.xcassets in Resources */,
				39441FB627B50DFD00D9EE8B /* Main.storyboard in Resources */,
				3943039A27BC0EE0005CE16F /* PostTableViewCell.xib in Resources */,
				39441FD227B5233400D9EE8B /* SignUpViewController.xib in Resources */,
				39441FC927B50E2000D9EE8B /* HomeViewController.xib in Resources */,
			);
			runOnlyForDeploymentPostprocessing = 0;
		};
/* End PBXResourcesBuildPhase section */

/* Begin PBXSourcesBuildPhase section */
		39441FA727B50DFD00D9EE8B /* Sources */ = {
			isa = PBXSourcesBuildPhase;
			buildActionMask = 2147483647;
			files = (
				39441FC827B50E2000D9EE8B /* HomeViewController.swift in Sources */,
				39441FD127B5233400D9EE8B /* SignUpViewController.swift in Sources */,
				39441FB927B50DFD00D9EE8B /* Insta_Pdp.xcdatamodeld in Sources */,
				39441FCD27B510AE00D9EE8B /* SignInViewController.swift in Sources */,
				39441FB327B50DFD00D9EE8B /* ViewController.swift in Sources */,
				39D6558827B7F665009C2BB5 /* BaseViewController.swift in Sources */,
				3943039527BC0CE0005CE16F /* Post.swift in Sources */,
				3943039927BC0EE0005CE16F /* PostTableViewCell.swift in Sources */,
				39441FAF27B50DFD00D9EE8B /* AppDelegate.swift in Sources */,
				39441FB127B50DFD00D9EE8B /* SceneDelegate.swift in Sources */,
			);
			runOnlyForDeploymentPostprocessing = 0;
		};
/* End PBXSourcesBuildPhase section */

/* Begin PBXVariantGroup section */
		39441FB427B50DFD00D9EE8B /* Main.storyboard */ = {
			isa = PBXVariantGroup;
			children = (
				39441FB527B50DFD00D9EE8B /* Base */,
			);
			name = Main.storyboard;
			sourceTree = "<group>";
		};
		39441FBC27B50DFE00D9EE8B /* LaunchScreen.storyboard */ = {
			isa = PBXVariantGroup;
			children = (
				39441FBD27B50DFE00D9EE8B /* Base */,
			);
			name = LaunchScreen.storyboard;
			sourceTree = "<group>";
		};
/* End PBXVariantGroup section */

/* Begin XCBuildConfiguration section */
		39441FC027B50DFE00D9EE8B /* Debug */ = {
			isa = XCBuildConfiguration;
			buildSettings = {
				ALWAYS_SEARCH_USER_PATHS = NO;
				CLANG_ANALYZER_NONNULL = YES;
				CLANG_ANALYZER_NUMBER_OBJECT_CONVERSION = YES_AGGRESSIVE;
				CLANG_CXX_LANGUAGE_STANDARD = "gnu++17";
				CLANG_CXX_LIBRARY = "libc++";
				CLANG_ENABLE_MODULES = YES;
				CLANG_ENABLE_OBJC_ARC = YES;
				CLANG_ENABLE_OBJC_WEAK = YES;
				CLANG_WARN_BLOCK_CAPTURE_AUTORELEASING = YES;
				CLANG_WARN_BOOL_CONVERSION = YES;
				CLANG_WARN_COMMA = YES;
				CLANG_WARN_CONSTANT_CONVERSION = YES;
				CLANG_WARN_DEPRECATED_OBJC_IMPLEMENTATIONS = YES;
				CLANG_WARN_DIRECT_OBJC_ISA_USAGE = YES_ERROR;
				CLANG_WARN_DOCUMENTATION_COMMENTS = YES;
				CLANG_WARN_EMPTY_BODY = YES;
				CLANG_WARN_ENUM_CONVERSION = YES;
				CLANG_WARN_INFINITE_RECURSION = YES;
				CLANG_WARN_INT_CONVERSION = YES;
				CLANG_WARN_NON_LITERAL_NULL_CONVERSION = YES;
				CLANG_WARN_OBJC_IMPLICIT_RETAIN_SELF = YES;
				CLANG_WARN_OBJC_LITERAL_CONVERSION = YES;
				CLANG_WARN_OBJC_ROOT_CLASS = YES_ERROR;
				CLANG_WARN_QUOTED_INCLUDE_IN_FRAMEWORK_HEADER = YES;
				CLANG_WARN_RANGE_LOOP_ANALYSIS = YES;
				CLANG_WARN_STRICT_PROTOTYPES = YES;
				CLANG_WARN_SUSPICIOUS_MOVE = YES;
				CLANG_WARN_UNGUARDED_AVAILABILITY = YES_AGGRESSIVE;
				CLANG_WARN_UNREACHABLE_CODE = YES;
				CLANG_WARN__DUPLICATE_METHOD_MATCH = YES;
				COPY_PHASE_STRIP = NO;
				DEBUG_INFORMATION_FORMAT = dwarf;
				ENABLE_STRICT_OBJC_MSGSEND = YES;
				ENABLE_TESTABILITY = YES;
				GCC_C_LANGUAGE_STANDARD = gnu11;
				GCC_DYNAMIC_NO_PIC = NO;
				GCC_NO_COMMON_BLOCKS = YES;
				GCC_OPTIMIZATION_LEVEL = 0;
				GCC_PREPROCESSOR_DEFINITIONS = (
					"DEBUG=1",
					"$(inherited)",
				);
				GCC_WARN_64_TO_32_BIT_CONVERSION = YES;
				GCC_WARN_ABOUT_RETURN_TYPE = YES_ERROR;
				GCC_WARN_UNDECLARED_SELECTOR = YES;
				GCC_WARN_UNINITIALIZED_AUTOS = YES_AGGRESSIVE;
				GCC_WARN_UNUSED_FUNCTION = YES;
				GCC_WARN_UNUSED_VARIABLE = YES;
				IPHONEOS_DEPLOYMENT_TARGET = 15.2;
				MTL_ENABLE_DEBUG_INFO = INCLUDE_SOURCE;
				MTL_FAST_MATH = YES;
				ONLY_ACTIVE_ARCH = YES;
				SDKROOT = iphoneos;
				SWIFT_ACTIVE_COMPILATION_CONDITIONS = DEBUG;
				SWIFT_OPTIMIZATION_LEVEL = "-Onone";
			};
			name = Debug;
		};
		39441FC127B50DFE00D9EE8B /* Release */ = {
			isa = XCBuildConfiguration;
			buildSettings = {
				ALWAYS_SEARCH_USER_PATHS = NO;
				CLANG_ANALYZER_NONNULL = YES;
				CLANG_ANALYZER_NUMBER_OBJECT_CONVERSION = YES_AGGRESSIVE;
				CLANG_CXX_LANGUAGE_STANDARD = "gnu++17";
				CLANG_CXX_LIBRARY = "libc++";
				CLANG_ENABLE_MODULES = YES;
				CLANG_ENABLE_OBJC_ARC = YES;
				CLANG_ENABLE_OBJC_WEAK = YES;
				CLANG_WARN_BLOCK_CAPTURE_AUTORELEASING = YES;
				CLANG_WARN_BOOL_CONVERSION = YES;
				CLANG_WARN_COMMA = YES;
				CLANG_WARN_CONSTANT_CONVERSION = YES;
				CLANG_WARN_DEPRECATED_OBJC_IMPLEMENTATIONS = YES;
				CLANG_WARN_DIRECT_OBJC_ISA_USAGE = YES_ERROR;
				CLANG_WARN_DOCUMENTATION_COMMENTS = YES;
				CLANG_WARN_EMPTY_BODY = YES;
				CLANG_WARN_ENUM_CONVERSION = YES;
				CLANG_WARN_INFINITE_RECURSION = YES;
				CLANG_WARN_INT_CONVERSION = YES;
				CLANG_WARN_NON_LITERAL_NULL_CONVERSION = YES;
				CLANG_WARN_OBJC_IMPLICIT_RETAIN_SELF = YES;
				CLANG_WARN_OBJC_LITERAL_CONVERSION = YES;
				CLANG_WARN_OBJC_ROOT_CLASS = YES_ERROR;
				CLANG_WARN_QUOTED_INCLUDE_IN_FRAMEWORK_HEADER = YES;
				CLANG_WARN_RANGE_LOOP_ANALYSIS = YES;
				CLANG_WARN_STRICT_PROTOTYPES = YES;
				CLANG_WARN_SUSPICIOUS_MOVE = YES;
				CLANG_WARN_UNGUARDED_AVAILABILITY = YES_AGGRESSIVE;
				CLANG_WARN_UNREACHABLE_CODE = YES;
				CLANG_WARN__DUPLICATE_METHOD_MATCH = YES;
				COPY_PHASE_STRIP = NO;
				DEBUG_INFORMATION_FORMAT = "dwarf-with-dsym";
				ENABLE_NS_ASSERTIONS = NO;
				ENABLE_STRICT_OBJC_MSGSEND = YES;
				GCC_C_LANGUAGE_STANDARD = gnu11;
				GCC_NO_COMMON_BLOCKS = YES;
				GCC_WARN_64_TO_32_BIT_CONVERSION = YES;
				GCC_WARN_ABOUT_RETURN_TYPE = YES_ERROR;
				GCC_WARN_UNDECLARED_SELECTOR = YES;
				GCC_WARN_UNINITIALIZED_AUTOS = YES_AGGRESSIVE;
				GCC_WARN_UNUSED_FUNCTION = YES;
				GCC_WARN_UNUSED_VARIABLE = YES;
				IPHONEOS_DEPLOYMENT_TARGET = 15.2;
				MTL_ENABLE_DEBUG_INFO = NO;
				MTL_FAST_MATH = YES;
				SDKROOT = iphoneos;
				SWIFT_COMPILATION_MODE = wholemodule;
				SWIFT_OPTIMIZATION_LEVEL = "-O";
				VALIDATE_PRODUCT = YES;
			};
			name = Release;
		};
		39441FC327B50DFE00D9EE8B /* Debug */ = {
			isa = XCBuildConfiguration;
			buildSettings = {
				ASSETCATALOG_COMPILER_APPICON_NAME = AppIcon;
				ASSETCATALOG_COMPILER_GLOBAL_ACCENT_COLOR_NAME = AccentColor;
				CODE_SIGN_STYLE = Automatic;
				CURRENT_PROJECT_VERSION = 1;
				GENERATE_INFOPLIST_FILE = YES;
				INFOPLIST_FILE = "Insta Pdp/Info.plist";
				INFOPLIST_KEY_UIApplicationSupportsIndirectInputEvents = YES;
				INFOPLIST_KEY_UILaunchStoryboardName = LaunchScreen;
				INFOPLIST_KEY_UIMainStoryboardFile = Main;
				INFOPLIST_KEY_UISupportedInterfaceOrientations = "UIInterfaceOrientationPortrait UIInterfaceOrientationLandscapeLeft UIInterfaceOrientationLandscapeRight";
				INFOPLIST_KEY_UISupportedInterfaceOrientations_iPad = "UIInterfaceOrientationPortrait UIInterfaceOrientationPortraitUpsideDown UIInterfaceOrientationLandscapeLeft UIInterfaceOrientationLandscapeRight";
				INFOPLIST_KEY_UISupportedInterfaceOrientations_iPhone = "UIInterfaceOrientationPortrait UIInterfaceOrientationLandscapeLeft UIInterfaceOrientationLandscapeRight";
				LD_RUNPATH_SEARCH_PATHS = (
					"$(inherited)",
					"@executable_path/Frameworks",
				);
				MARKETING_VERSION = 1.0;
				PRODUCT_BUNDLE_IDENTIFIER = "jarmen.com.Insta-Pdp";
				PRODUCT_NAME = "$(TARGET_NAME)";
				SWIFT_EMIT_LOC_STRINGS = YES;
				SWIFT_VERSION = 5.0;
				TARGETED_DEVICE_FAMILY = "1,2";
			};
			name = Debug;
		};
		39441FC427B50DFE00D9EE8B /* Release */ = {
			isa = XCBuildConfiguration;
			buildSettings = {
				ASSETCATALOG_COMPILER_APPICON_NAME = AppIcon;
				ASSETCATALOG_COMPILER_GLOBAL_ACCENT_COLOR_NAME = AccentColor;
				CODE_SIGN_STYLE = Automatic;
				CURRENT_PROJECT_VERSION = 1;
				GENERATE_INFOPLIST_FILE = YES;
				INFOPLIST_FILE = "Insta Pdp/Info.plist";
				INFOPLIST_KEY_UIApplicationSupportsIndirectInputEvents = YES;
				INFOPLIST_KEY_UILaunchStoryboardName = LaunchScreen;
				INFOPLIST_KEY_UIMainStoryboardFile = Main;
				INFOPLIST_KEY_UISupportedInterfaceOrientations = "UIInterfaceOrientationPortrait UIInterfaceOrientationLandscapeLeft UIInterfaceOrientationLandscapeRight";
				INFOPLIST_KEY_UISupportedInterfaceOrientations_iPad = "UIInterfaceOrientationPortrait UIInterfaceOrientationPortraitUpsideDown UIInterfaceOrientationLandscapeLeft UIInterfaceOrientationLandscapeRight";
				INFOPLIST_KEY_UISupportedInterfaceOrientations_iPhone = "UIInterfaceOrientationPortrait UIInterfaceOrientationLandscapeLeft UIInterfaceOrientationLandscapeRight";
				LD_RUNPATH_SEARCH_PATHS = (
					"$(inherited)",
					"@executable_path/Frameworks",
				);
				MARKETING_VERSION = 1.0;
				PRODUCT_BUNDLE_IDENTIFIER = "jarmen.com.Insta-Pdp";
				PRODUCT_NAME = "$(TARGET_NAME)";
				SWIFT_EMIT_LOC_STRINGS = YES;
				SWIFT_VERSION = 5.0;
				TARGETED_DEVICE_FAMILY = "1,2";
			};
			name = Release;
		};
/* End XCBuildConfiguration section */

/* Begin XCConfigurationList section */
		39441FA627B50DFD00D9EE8B /* Build configuration list for PBXProject "Insta Pdp" */ = {
			isa = XCConfigurationList;
			buildConfigurations = (
				39441FC027B50DFE00D9EE8B /* Debug */,
				39441FC127B50DFE00D9EE8B /* Release */,
			);
			defaultConfigurationIsVisible = 0;
			defaultConfigurationName = Release;
		};
		39441FC227B50DFE00D9EE8B /* Build configuration list for PBXNativeTarget "Insta Pdp" */ = {
			isa = XCConfigurationList;
			buildConfigurations = (
				39441FC327B50DFE00D9EE8B /* Debug */,
				39441FC427B50DFE00D9EE8B /* Release */,
			);
			defaultConfigurationIsVisible = 0;
			defaultConfigurationName = Release;
		};
/* End XCConfigurationList section */

/* Begin XCVersionGroup section */
		39441FB727B50DFD00D9EE8B /* Insta_Pdp.xcdatamodeld */ = {
			isa = XCVersionGroup;
			children = (
				39441FB827B50DFD00D9EE8B /* Insta_Pdp.xcdatamodel */,
			);
			currentVersion = 39441FB827B50DFD00D9EE8B /* Insta_Pdp.xcdatamodel */;
			path = Insta_Pdp.xcdatamodeld;
			sourceTree = "<group>";
			versionGroupType = wrapper.xcdatamodel;
		};
/* End XCVersionGroup section */
	};
	rootObject = 39441FA327B50DFD00D9EE8B /* Project object */;
}
